{
  "name": "new functions",
  "lockfileVersion": 3,
  "requires": true,
  "packages": {
    "": {
      "dependencies": {
        "a.js": "^0.0.1"
      }
    },
    "node_modules/a.js": {
      "version": "0.0.1",
      "resolved": "https://registry.npmjs.org/a.js/-/a.js-0.0.1.tgz",
      "integrity": "sha512-CL3ACPFpvLJjt7sqEf0y+cniuiuyf9gFwuwgoL3s9Blie+MnErsLBXNkd5drHXSo8IQq7j+1B7py3Hv9qv93GQ=="
    }
  }
}
